
Microsoft Visual Studio Solution File, Format Version 12.00
# Visual Studio Version 17
VisualStudioVersion = 17.3.32901.215
MinimumVisualStudioVersion = 10.0.40219.1
Project("{2150E333-8FDC-42A3-9474-1A3956D46DE8}") = "Client", "Client", "{52201CE2-8C63-4A30-A224-1A8D38B1B2D3}"
EndProject
Project("{9A19103F-16F7-4668-BE54-9A1E7A4F7556}") = "yakov.ExchangeRates.Client", "yakov.ExchangeRates.Client\yakov.ExchangeRates.Client.csproj", "{F9F211E4-4FFA-4122-8E63-B966AFDFE1EF}"
EndProject
Project("{2150E333-8FDC-42A3-9474-1A3956D46DE8}") = "Modules", "Modules", "{BAFD1520-F7E0-4A12-9D06-AD317BDD1CE8}"
EndProject
Project("{9A19103F-16F7-4668-BE54-9A1E7A4F7556}") = "yakov.ExchangeRates.Client.Core", "yakov.ExchangeRates.Client.Core\yakov.ExchangeRates.Client.Core.csproj", "{FE3529D1-9979-4E23-B8AC-95DEBFCBA99F}"
EndProject
Project("{9A19103F-16F7-4668-BE54-9A1E7A4F7556}") = "yakov.ExchangeRates.Client.FiatCurrency", "yakov.ExchangeRates.Client.FiatCurrency\yakov.ExchangeRates.Client.FiatCurrency.csproj", "{62C031AA-A897-4802-B135-9DA7BBD3ACC0}"
EndProject
Project("{2150E333-8FDC-42A3-9474-1A3956D46DE8}") = "Server", "Server", "{8D1C7B04-FCDC-4C52-BAE4-EF2A92DB2B13}"
EndProject
Project("{2150E333-8FDC-42A3-9474-1A3956D46DE8}") = "Core", "Core", "{79DA3AAB-DDCB-48AF-9092-8F5406B537B0}"
EndProject
Project("{9A19103F-16F7-4668-BE54-9A1E7A4F7556}") = "yakov.ExchangeRates.Server.Domain", "yakov.ExchangeRates.Server.Domain\yakov.ExchangeRates.Server.Domain.csproj", "{A236C0F4-BB48-4153-9771-AA04EC73522C}"
EndProject
Project("{9A19103F-16F7-4668-BE54-9A1E7A4F7556}") = "yakov.ExchangeRates.Server.WebAPI", "yakov.ExchangeRates.Server.WebAPI\yakov.ExchangeRates.Server.WebAPI.csproj", "{F463A485-C88B-46F7-ABA6-0891B65D8206}"
EndProject
Project("{2150E333-8FDC-42A3-9474-1A3956D46DE8}") = "Presentation", "Presentation", "{359407A0-663D-4D13-9C27-686B4A5F2A8D}"
EndProject
Project("{9A19103F-16F7-4668-BE54-9A1E7A4F7556}") = "yakov.ExchangeRates.Server.Application", "yakov.ExchangeRates.Server.Application\yakov.ExchangeRates.Server.Application.csproj", "{AA6F7047-F0A5-4704-9B16-23DCE60324F7}"
EndProject
Project("{2150E333-8FDC-42A3-9474-1A3956D46DE8}") = "Infrastructure", "Infrastructure", "{ED379F2E-6649-47BE-A086-892A1EDDDE79}"
EndProject
Project("{9A19103F-16F7-4668-BE54-9A1E7A4F7556}") = "yakov.ExchangeRates.Server.Infrastructure", "yakov.ExchangeRates.Server.Infrastructure\yakov.ExchangeRates.Server.Infrastructure.csproj", "{95C3269F-9BA5-4F7C-B970-07CA092B2A1F}"
EndProject
Project("{FAE04EC0-301F-11D3-BF4B-00C04F79EFBC}") = "yakov.ExchangeRates.Client.Services", "yakov.ExchangeRates.Client.Services\yakov.ExchangeRates.Client.Services.csproj", "{F29C5852-C558-410C-A35F-8676FE6B14DE}"
EndProject
Project("{FAE04EC0-301F-11D3-BF4B-00C04F79EFBC}") = "yakov.ExchangeRates.Client.Business", "yakov.ExchangeRates.Client.Business\yakov.ExchangeRates.Client.Business.csproj", "{B7B718A5-609F-418F-A85A-7AC3E5C06855}"
EndProject
Global
	GlobalSection(SolutionConfigurationPlatforms) = preSolution
		Debug|Any CPU = Debug|Any CPU
		Release|Any CPU = Release|Any CPU
	EndGlobalSection
	GlobalSection(ProjectConfigurationPlatforms) = postSolution
		{F9F211E4-4FFA-4122-8E63-B966AFDFE1EF}.Debug|Any CPU.ActiveCfg = Debug|Any CPU
		{F9F211E4-4FFA-4122-8E63-B966AFDFE1EF}.Debug|Any CPU.Build.0 = Debug|Any CPU
		{F9F211E4-4FFA-4122-8E63-B966AFDFE1EF}.Release|Any CPU.ActiveCfg = Release|Any CPU
		{F9F211E4-4FFA-4122-8E63-B966AFDFE1EF}.Release|Any CPU.Build.0 = Release|Any CPU
		{FE3529D1-9979-4E23-B8AC-95DEBFCBA99F}.Debug|Any CPU.ActiveCfg = Debug|Any CPU
		{FE3529D1-9979-4E23-B8AC-95DEBFCBA99F}.Debug|Any CPU.Build.0 = Debug|Any CPU
		{FE3529D1-9979-4E23-B8AC-95DEBFCBA99F}.Release|Any CPU.ActiveCfg = Release|Any CPU
		{FE3529D1-9979-4E23-B8AC-95DEBFCBA99F}.Release|Any CPU.Build.0 = Release|Any CPU
		{62C031AA-A897-4802-B135-9DA7BBD3ACC0}.Debug|Any CPU.ActiveCfg = Debug|Any CPU
		{62C031AA-A897-4802-B135-9DA7BBD3ACC0}.Debug|Any CPU.Build.0 = Debug|Any CPU
		{62C031AA-A897-4802-B135-9DA7BBD3ACC0}.Release|Any CPU.ActiveCfg = Release|Any CPU
		{62C031AA-A897-4802-B135-9DA7BBD3ACC0}.Release|Any CPU.Build.0 = Release|Any CPU
		{A236C0F4-BB48-4153-9771-AA04EC73522C}.Debug|Any CPU.ActiveCfg = Debug|Any CPU
		{A236C0F4-BB48-4153-9771-AA04EC73522C}.Debug|Any CPU.Build.0 = Debug|Any CPU
		{A236C0F4-BB48-4153-9771-AA04EC73522C}.Release|Any CPU.ActiveCfg = Release|Any CPU
		{A236C0F4-BB48-4153-9771-AA04EC73522C}.Release|Any CPU.Build.0 = Release|Any CPU
		{F463A485-C88B-46F7-ABA6-0891B65D8206}.Debug|Any CPU.ActiveCfg = Debug|Any CPU
		{F463A485-C88B-46F7-ABA6-0891B65D8206}.Debug|Any CPU.Build.0 = Debug|Any CPU
		{F463A485-C88B-46F7-ABA6-0891B65D8206}.Release|Any CPU.ActiveCfg = Release|Any CPU
		{F463A485-C88B-46F7-ABA6-0891B65D8206}.Release|Any CPU.Build.0 = Release|Any CPU
		{AA6F7047-F0A5-4704-9B16-23DCE60324F7}.Debug|Any CPU.ActiveCfg = Debug|Any CPU
		{AA6F7047-F0A5-4704-9B16-23DCE60324F7}.Debug|Any CPU.Build.0 = Debug|Any CPU
		{AA6F7047-F0A5-4704-9B16-23DCE60324F7}.Release|Any CPU.ActiveCfg = Release|Any CPU
		{AA6F7047-F0A5-4704-9B16-23DCE60324F7}.Release|Any CPU.Build.0 = Release|Any CPU
		{95C3269F-9BA5-4F7C-B970-07CA092B2A1F}.Debug|Any CPU.ActiveCfg = Debug|Any CPU
		{95C3269F-9BA5-4F7C-B970-07CA092B2A1F}.Debug|Any CPU.Build.0 = Debug|Any CPU
		{95C3269F-9BA5-4F7C-B970-07CA092B2A1F}.Release|Any CPU.ActiveCfg = Release|Any CPU
		{95C3269F-9BA5-4F7C-B970-07CA092B2A1F}.Release|Any CPU.Build.0 = Release|Any CPU
		{F29C5852-C558-410C-A35F-8676FE6B14DE}.Debug|Any CPU.ActiveCfg = Debug|Any CPU
		{F29C5852-C558-410C-A35F-8676FE6B14DE}.Debug|Any CPU.Build.0 = Debug|Any CPU
		{F29C5852-C558-410C-A35F-8676FE6B14DE}.Release|Any CPU.ActiveCfg = Release|Any CPU
		{F29C5852-C558-410C-A35F-8676FE6B14DE}.Release|Any CPU.Build.0 = Release|Any CPU
		{B7B718A5-609F-418F-A85A-7AC3E5C06855}.Debug|Any CPU.ActiveCfg = Debug|Any CPU
		{B7B718A5-609F-418F-A85A-7AC3E5C06855}.Debug|Any CPU.Build.0 = Debug|Any CPU
		{B7B718A5-609F-418F-A85A-7AC3E5C06855}.Release|Any CPU.ActiveCfg = Release|Any CPU
		{B7B718A5-609F-418F-A85A-7AC3E5C06855}.Release|Any CPU.Build.0 = Release|Any CPU
	EndGlobalSection
	GlobalSection(SolutionProperties) = preSolution
		HideSolutionNode = FALSE
	EndGlobalSection
	GlobalSection(NestedProjects) = preSolution
		{F9F211E4-4FFA-4122-8E63-B966AFDFE1EF} = {52201CE2-8C63-4A30-A224-1A8D38B1B2D3}
		{BAFD1520-F7E0-4A12-9D06-AD317BDD1CE8} = {52201CE2-8C63-4A30-A224-1A8D38B1B2D3}
		{FE3529D1-9979-4E23-B8AC-95DEBFCBA99F} = {52201CE2-8C63-4A30-A224-1A8D38B1B2D3}
		{62C031AA-A897-4802-B135-9DA7BBD3ACC0} = {BAFD1520-F7E0-4A12-9D06-AD317BDD1CE8}
		{79DA3AAB-DDCB-48AF-9092-8F5406B537B0} = {8D1C7B04-FCDC-4C52-BAE4-EF2A92DB2B13}
		{A236C0F4-BB48-4153-9771-AA04EC73522C} = {79DA3AAB-DDCB-48AF-9092-8F5406B537B0}
		{F463A485-C88B-46F7-ABA6-0891B65D8206} = {359407A0-663D-4D13-9C27-686B4A5F2A8D}
		{359407A0-663D-4D13-9C27-686B4A5F2A8D} = {8D1C7B04-FCDC-4C52-BAE4-EF2A92DB2B13}
		{AA6F7047-F0A5-4704-9B16-23DCE60324F7} = {79DA3AAB-DDCB-48AF-9092-8F5406B537B0}
		{ED379F2E-6649-47BE-A086-892A1EDDDE79} = {8D1C7B04-FCDC-4C52-BAE4-EF2A92DB2B13}
		{95C3269F-9BA5-4F7C-B970-07CA092B2A1F} = {ED379F2E-6649-47BE-A086-892A1EDDDE79}
		{F29C5852-C558-410C-A35F-8676FE6B14DE} = {52201CE2-8C63-4A30-A224-1A8D38B1B2D3}
		{B7B718A5-609F-418F-A85A-7AC3E5C06855} = {52201CE2-8C63-4A30-A224-1A8D38B1B2D3}
	EndGlobalSection
	GlobalSection(ExtensibilityGlobals) = postSolution
		SolutionGuid = {7BC10434-8433-422D-BF0B-84C1E2D78FF5}
	EndGlobalSection
EndGlobal
