
Microsoft Visual Studio Solution File, Format Version 12.00
# Visual Studio Version 17
VisualStudioVersion = 17.3.32901.215
MinimumVisualStudioVersion = 10.0.40219.1
Project("{2150E333-8FDC-42A3-9474-1A3956D46DE8}") = "Client", "Client", "{52201CE2-8C63-4A30-A224-1A8D38B1B2D3}"
EndProject
Project("{9A19103F-16F7-4668-BE54-9A1E7A4F7556}") = "yakov.ExchangeRates.Client", "yakov.ExchangeRates.Client\yakov.ExchangeRates.Client.csproj", "{F9F211E4-4FFA-4122-8E63-B966AFDFE1EF}"
EndProject
Project("{2150E333-8FDC-42A3-9474-1A3956D46DE8}") = "Modules", "Modules", "{BAFD1520-F7E0-4A12-9D06-AD317BDD1CE8}"
EndProject
Project("{9A19103F-16F7-4668-BE54-9A1E7A4F7556}") = "yakov.ExchangeRates.Client.Core", "yakov.ExchangeRates.Client.Core\yakov.ExchangeRates.Client.Core.csproj", "{FE3529D1-9979-4E23-B8AC-95DEBFCBA99F}"
EndProject
Project("{FAE04EC0-301F-11D3-BF4B-00C04F79EFBC}") = "yakov.ExchangeRates.Client.FiatCurrency", "yakov.ExchangeRates.Client.FiatCurrency\yakov.ExchangeRates.Client.FiatCurrency.csproj", "{62C031AA-A897-4802-B135-9DA7BBD3ACC0}"
EndProject
Global
	GlobalSection(SolutionConfigurationPlatforms) = preSolution
		Debug|Any CPU = Debug|Any CPU
		Release|Any CPU = Release|Any CPU
	EndGlobalSection
	GlobalSection(ProjectConfigurationPlatforms) = postSolution
		{F9F211E4-4FFA-4122-8E63-B966AFDFE1EF}.Debug|Any CPU.ActiveCfg = Debug|Any CPU
		{F9F211E4-4FFA-4122-8E63-B966AFDFE1EF}.Debug|Any CPU.Build.0 = Debug|Any CPU
		{F9F211E4-4FFA-4122-8E63-B966AFDFE1EF}.Release|Any CPU.ActiveCfg = Release|Any CPU
		{F9F211E4-4FFA-4122-8E63-B966AFDFE1EF}.Release|Any CPU.Build.0 = Release|Any CPU
		{FE3529D1-9979-4E23-B8AC-95DEBFCBA99F}.Debug|Any CPU.ActiveCfg = Debug|Any CPU
		{FE3529D1-9979-4E23-B8AC-95DEBFCBA99F}.Debug|Any CPU.Build.0 = Debug|Any CPU
		{FE3529D1-9979-4E23-B8AC-95DEBFCBA99F}.Release|Any CPU.ActiveCfg = Release|Any CPU
		{FE3529D1-9979-4E23-B8AC-95DEBFCBA99F}.Release|Any CPU.Build.0 = Release|Any CPU
		{62C031AA-A897-4802-B135-9DA7BBD3ACC0}.Debug|Any CPU.ActiveCfg = Debug|Any CPU
		{62C031AA-A897-4802-B135-9DA7BBD3ACC0}.Debug|Any CPU.Build.0 = Debug|Any CPU
		{62C031AA-A897-4802-B135-9DA7BBD3ACC0}.Release|Any CPU.ActiveCfg = Release|Any CPU
		{62C031AA-A897-4802-B135-9DA7BBD3ACC0}.Release|Any CPU.Build.0 = Release|Any CPU
	EndGlobalSection
	GlobalSection(SolutionProperties) = preSolution
		HideSolutionNode = FALSE
	EndGlobalSection
	GlobalSection(NestedProjects) = preSolution
		{F9F211E4-4FFA-4122-8E63-B966AFDFE1EF} = {52201CE2-8C63-4A30-A224-1A8D38B1B2D3}
		{BAFD1520-F7E0-4A12-9D06-AD317BDD1CE8} = {52201CE2-8C63-4A30-A224-1A8D38B1B2D3}
		{FE3529D1-9979-4E23-B8AC-95DEBFCBA99F} = {52201CE2-8C63-4A30-A224-1A8D38B1B2D3}
		{62C031AA-A897-4802-B135-9DA7BBD3ACC0} = {BAFD1520-F7E0-4A12-9D06-AD317BDD1CE8}
	EndGlobalSection
	GlobalSection(ExtensibilityGlobals) = postSolution
		SolutionGuid = {7BC10434-8433-422D-BF0B-84C1E2D78FF5}
	EndGlobalSection
EndGlobal
